// !$*UTF8*$!
{
	archiveVersion = 1;
	classes = {
	};
	objectVersion = 50;
	objects = {

/* Begin PBXBuildFile section */
		73B4B83223CDD673007E42AE /* AppDelegate.swift in Sources */ = {isa = PBXBuildFile; fileRef = 73B4B83123CDD673007E42AE /* AppDelegate.swift */; };
		73B4B83423CDD673007E42AE /* SceneDelegate.swift in Sources */ = {isa = PBXBuildFile; fileRef = 73B4B83323CDD673007E42AE /* SceneDelegate.swift */; };
		73B4B83623CDD673007E42AE /* ViewController.swift in Sources */ = {isa = PBXBuildFile; fileRef = 73B4B83523CDD673007E42AE /* ViewController.swift */; };
		73B4B83923CDD673007E42AE /* Main.storyboard in Resources */ = {isa = PBXBuildFile; fileRef = 73B4B83723CDD673007E42AE /* Main.storyboard */; };
		73B4B83B23CDD675007E42AE /* Assets.xcassets in Resources */ = {isa = PBXBuildFile; fileRef = 73B4B83A23CDD675007E42AE /* Assets.xcassets */; };
		73B4B83E23CDD675007E42AE /* LaunchScreen.storyboard in Resources */ = {isa = PBXBuildFile; fileRef = 73B4B83C23CDD675007E42AE /* LaunchScreen.storyboard */; };
		73B4B84923CDDE91007E42AE /* Alamofire.framework in Frameworks */ = {isa = PBXBuildFile; fileRef = 73B4B84823CDDE91007E42AE /* Alamofire.framework */; };
		73B4B84A23CDDE91007E42AE /* Alamofire.framework in Embed Frameworks */ = {isa = PBXBuildFile; fileRef = 73B4B84823CDDE91007E42AE /* Alamofire.framework */; settings = {ATTRIBUTES = (CodeSignOnCopy, RemoveHeadersOnCopy, ); }; };
/* End PBXBuildFile section */

/* Begin PBXCopyFilesBuildPhase section */
		73B4B84B23CDDE91007E42AE /* Embed Frameworks */ = {
			isa = PBXCopyFilesBuildPhase;
			buildActionMask = 2147483647;
			dstPath = "";
			dstSubfolderSpec = 10;
			files = (
				73B4B84A23CDDE91007E42AE /* Alamofire.framework in Embed Frameworks */,
			);
			name = "Embed Frameworks";
			runOnlyForDeploymentPostprocessing = 0;
		};
/* End PBXCopyFilesBuildPhase section */

/* Begin PBXFileReference section */
		73B4B82E23CDD673007E42AE /* CarthageExample.app */ = {isa = PBXFileReference; explicitFileType = wrapper.application; includeInIndex = 0; path = CarthageExample.app; sourceTree = BUILT_PRODUCTS_DIR; };
		73B4B83123CDD673007E42AE /* AppDelegate.swift */ = {isa = PBXFileReference; lastKnownFileType = sourcecode.swift; path = AppDelegate.swift; sourceTree = "<group>"; };
		73B4B83323CDD673007E42AE /* SceneDelegate.swift */ = {isa = PBXFileReference; lastKnownFileType = sourcecode.swift; path = SceneDelegate.swift; sourceTree = "<group>"; };
		73B4B83523CDD673007E42AE /* ViewController.swift */ = {isa = PBXFileReference; lastKnownFileType = sourcecode.swift; path = ViewController.swift; sourceTree = "<group>"; };
		73B4B83823CDD673007E42AE /* Base */ = {isa = PBXFileReference; lastKnownFileType = file.storyboard; name = Base; path = Base.lproj/Main.storyboard; sourceTree = "<group>"; };
		73B4B83A23CDD675007E42AE /* Assets.xcassets */ = {isa = PBXFileReference; lastKnownFileType = folder.assetcatalog; path = Assets.xcassets; sourceTree = "<group>"; };
		73B4B83D23CDD675007E42AE /* Base */ = {isa = PBXFileReference; lastKnownFileType = file.storyboard; name = Base; path = Base.lproj/LaunchScreen.storyboard; sourceTree = "<group>"; };
		73B4B83F23CDD675007E42AE /* Info.plist */ = {isa = PBXFileReference; lastKnownFileType = text.plist.xml; path = Info.plist; sourceTree = "<group>"; };
		73B4B84623CDDB5D007E42AE /* Projects */ = {isa = PBXFileReference; lastKnownFileType = folder; name = Projects; path = ../../Projects; sourceTree = "<group>"; };
		73B4B84723CDDE5F007E42AE /* Alamofire.framework.dSYM */ = {isa = PBXFileReference; lastKnownFileType = wrapper.dsym; name = Alamofire.framework.dSYM; path = ../../Projects/Alamofire/Carthage/Build/iOS/Alamofire.framework.dSYM; sourceTree = "<group>"; };
		73B4B84823CDDE91007E42AE /* Alamofire.framework */ = {isa = PBXFileReference; lastKnownFileType = wrapper.framework; name = Alamofire.framework; path = ../../Projects/Alamofire/Carthage/Build/iOS/Alamofire.framework; sourceTree = "<group>"; };
/* End PBXFileReference section */

/* Begin PBXFrameworksBuildPhase section */
		73B4B82B23CDD673007E42AE /* Frameworks */ = {
			isa = PBXFrameworksBuildPhase;
			buildActionMask = 2147483647;
			files = (
				73B4B84923CDDE91007E42AE /* Alamofire.framework in Frameworks */,
			);
			runOnlyForDeploymentPostprocessing = 0;
		};
/* End PBXFrameworksBuildPhase section */

/* Begin PBXGroup section */
		73B4B82523CDD673007E42AE = {
			isa = PBXGroup;
			children = (
				73B4B83023CDD673007E42AE /* CarthageExample */,
				73B4B82F23CDD673007E42AE /* Products */,
				73B4B84523CDDB5D007E42AE /* Frameworks */,
			);
			sourceTree = "<group>";
		};
		73B4B82F23CDD673007E42AE /* Products */ = {
			isa = PBXGroup;
			children = (
				73B4B82E23CDD673007E42AE /* CarthageExample.app */,
			);
			name = Products;
			sourceTree = "<group>";
		};
		73B4B83023CDD673007E42AE /* CarthageExample */ = {
			isa = PBXGroup;
			children = (
				73B4B83123CDD673007E42AE /* AppDelegate.swift */,
				73B4B83323CDD673007E42AE /* SceneDelegate.swift */,
				73B4B83523CDD673007E42AE /* ViewController.swift */,
				73B4B83723CDD673007E42AE /* Main.storyboard */,
				73B4B83A23CDD675007E42AE /* Assets.xcassets */,
				73B4B83C23CDD675007E42AE /* LaunchScreen.storyboard */,
				73B4B83F23CDD675007E42AE /* Info.plist */,
			);
			path = CarthageExample;
			sourceTree = "<group>";
		};
		73B4B84523CDDB5D007E42AE /* Frameworks */ = {
			isa = PBXGroup;
			children = (
				73B4B84823CDDE91007E42AE /* Alamofire.framework */,
				73B4B84723CDDE5F007E42AE /* Alamofire.framework.dSYM */,
				73B4B84623CDDB5D007E42AE /* Projects */,
			);
			name = Frameworks;
			sourceTree = "<group>";
		};
/* End PBXGroup section */

/* Begin PBXNativeTarget section */
		73B4B82D23CDD673007E42AE /* CarthageExample */ = {
			isa = PBXNativeTarget;
			buildConfigurationList = 73B4B84223CDD675007E42AE /* Build configuration list for PBXNativeTarget "CarthageExample" */;
			buildPhases = (
				73B4B82A23CDD673007E42AE /* Sources */,
				73B4B82B23CDD673007E42AE /* Frameworks */,
				73B4B82C23CDD673007E42AE /* Resources */,
				73B4B84B23CDDE91007E42AE /* Embed Frameworks */,
			);
			buildRules = (
			);
			dependencies = (
			);
			name = CarthageExample;
			productName = CarthageExample;
			productReference = 73B4B82E23CDD673007E42AE /* CarthageExample.app */;
			productType = "com.apple.product-type.application";
		};
/* End PBXNativeTarget section */

/* Begin PBXProject section */
		73B4B82623CDD673007E42AE /* Project object */ = {
			isa = PBXProject;
			attributes = {
				LastSwiftUpdateCheck = 1130;
				LastUpgradeCheck = 1130;
				ORGANIZATIONNAME = "Md. Mehedi Hasan";
				TargetAttributes = {
					73B4B82D23CDD673007E42AE = {
						CreatedOnToolsVersion = 11.3;
					};
				};
			};
			buildConfigurationList = 73B4B82923CDD673007E42AE /* Build configuration list for PBXProject "CarthageExample" */;
			compatibilityVersion = "Xcode 9.3";
			developmentRegion = en;
			hasScannedForEncodings = 0;
			knownRegions = (
				en,
				Base,
			);
			mainGroup = 73B4B82523CDD673007E42AE;
			productRefGroup = 73B4B82F23CDD673007E42AE /* Products */;
			projectDirPath = "";
			projectRoot = "";
			targets = (
				73B4B82D23CDD673007E42AE /* CarthageExample */,
			);
		};
/* End PBXProject section */

/* Begin PBXResourcesBuildPhase section */
		73B4B82C23CDD673007E42AE /* Resources */ = {
			isa = PBXResourcesBuildPhase;
			buildActionMask = 2147483647;
			files = (
				73B4B83E23CDD675007E42AE /* LaunchScreen.storyboard in Resources */,
				73B4B83B23CDD675007E42AE /* Assets.xcassets in Resources */,
				73B4B83923CDD673007E42AE /* Main.storyboard in Resources */,
			);
			runOnlyForDeploymentPostprocessing = 0;
		};
/* End PBXResourcesBuildPhase section */

/* Begin PBXSourcesBuildPhase section */
		73B4B82A23CDD673007E42AE /* Sources */ = {
			isa = PBXSourcesBuildPhase;
			buildActionMask = 2147483647;
			files = (
				73B4B83623CDD673007E42AE /* ViewController.swift in Sources */,
				73B4B83223CDD673007E42AE /* AppDelegate.swift in Sources */,
				73B4B83423CDD673007E42AE /* SceneDelegate.swift in Sources */,
			);
			runOnlyForDeploymentPostprocessing = 0;
		};
/* End PBXSourcesBuildPhase section */

/* Begin PBXVariantGroup section */
		73B4B83723CDD673007E42AE /* Main.storyboard */ = {
			isa = PBXVariantGroup;
			children = (
				73B4B83823CDD673007E42AE /* Base */,
			);
			name = Main.storyboard;
			sourceTree = "<group>";
		};
		73B4B83C23CDD675007E42AE /* LaunchScreen.storyboard */ = {
			isa = PBXVariantGroup;
			children = (
				73B4B83D23CDD675007E42AE /* Base */,
			);
			name = LaunchScreen.storyboard;
			sourceTree = "<group>";
		};
/* End PBXVariantGroup section */

/* Begin XCBuildConfiguration section */
		73B4B84023CDD675007E42AE /* Debug */ = {
			isa = XCBuildConfiguration;
			buildSettings = {
				ALWAYS_SEARCH_USER_PATHS = NO;
				CLANG_ANALYZER_NONNULL = YES;
				CLANG_ANALYZER_NUMBER_OBJECT_CONVERSION = YES_AGGRESSIVE;
				CLANG_CXX_LANGUAGE_STANDARD = "gnu++14";
				CLANG_CXX_LIBRARY = "libc++";
				CLANG_ENABLE_MODULES = YES;
				CLANG_ENABLE_OBJC_ARC = YES;
				CLANG_ENABLE_OBJC_WEAK = YES;
				CLANG_WARN_BLOCK_CAPTURE_AUTORELEASING = YES;
				CLANG_WARN_BOOL_CONVERSION = YES;
				CLANG_WARN_COMMA = YES;
				CLANG_WARN_CONSTANT_CONVERSION = YES;
				CLANG_WARN_DEPRECATED_OBJC_IMPLEMENTATIONS = YES;
				CLANG_WARN_DIRECT_OBJC_ISA_USAGE = YES_ERROR;
				CLANG_WARN_DOCUMENTATION_COMMENTS = YES;
				CLANG_WARN_EMPTY_BODY = YES;
				CLANG_WARN_ENUM_CONVERSION = YES;
				CLANG_WARN_INFINITE_RECURSION = YES;
				CLANG_WARN_INT_CONVERSION = YES;
				CLANG_WARN_NON_LITERAL_NULL_CONVERSION = YES;
				CLANG_WARN_OBJC_IMPLICIT_RETAIN_SELF = YES;
				CLANG_WARN_OBJC_LITERAL_CONVERSION = YES;
				CLANG_WARN_OBJC_ROOT_CLASS = YES_ERROR;
				CLANG_WARN_RANGE_LOOP_ANALYSIS = YES;
				CLANG_WARN_STRICT_PROTOTYPES = YES;
				CLANG_WARN_SUSPICIOUS_MOVE = YES;
				CLANG_WARN_UNGUARDED_AVAILABILITY = YES_AGGRESSIVE;
				CLANG_WARN_UNREACHABLE_CODE = YES;
				CLANG_WARN__DUPLICATE_METHOD_MATCH = YES;
				COPY_PHASE_STRIP = NO;
				DEBUG_INFORMATION_FORMAT = dwarf;
				ENABLE_STRICT_OBJC_MSGSEND = YES;
				ENABLE_TESTABILITY = YES;
				GCC_C_LANGUAGE_STANDARD = gnu11;
				GCC_DYNAMIC_NO_PIC = NO;
				GCC_NO_COMMON_BLOCKS = YES;
				GCC_OPTIMIZATION_LEVEL = 0;
				GCC_PREPROCESSOR_DEFINITIONS = (
					"DEBUG=1",
					"$(inherited)",
				);
				GCC_WARN_64_TO_32_BIT_CONVERSION = YES;
				GCC_WARN_ABOUT_RETURN_TYPE = YES_ERROR;
				GCC_WARN_UNDECLARED_SELECTOR = YES;
				GCC_WARN_UNINITIALIZED_AUTOS = YES_AGGRESSIVE;
				GCC_WARN_UNUSED_FUNCTION = YES;
				GCC_WARN_UNUSED_VARIABLE = YES;
				IPHONEOS_DEPLOYMENT_TARGET = 13.2;
				MTL_ENABLE_DEBUG_INFO = INCLUDE_SOURCE;
				MTL_FAST_MATH = YES;
				ONLY_ACTIVE_ARCH = YES;
				SDKROOT = iphoneos;
				SWIFT_ACTIVE_COMPILATION_CONDITIONS = DEBUG;
				SWIFT_OPTIMIZATION_LEVEL = "-Onone";
			};
			name = Debug;
		};
		73B4B84123CDD675007E42AE /* Release */ = {
			isa = XCBuildConfiguration;
			buildSettings = {
				ALWAYS_SEARCH_USER_PATHS = NO;
				CLANG_ANALYZER_NONNULL = YES;
				CLANG_ANALYZER_NUMBER_OBJECT_CONVERSION = YES_AGGRESSIVE;
				CLANG_CXX_LANGUAGE_STANDARD = "gnu++14";
				CLANG_CXX_LIBRARY = "libc++";
				CLANG_ENABLE_MODULES = YES;
				CLANG_ENABLE_OBJC_ARC = YES;
				CLANG_ENABLE_OBJC_WEAK = YES;
				CLANG_WARN_BLOCK_CAPTURE_AUTORELEASING = YES;
				CLANG_WARN_BOOL_CONVERSION = YES;
				CLANG_WARN_COMMA = YES;
				CLANG_WARN_CONSTANT_CONVERSION = YES;
				CLANG_WARN_DEPRECATED_OBJC_IMPLEMENTATIONS = YES;
				CLANG_WARN_DIRECT_OBJC_ISA_USAGE = YES_ERROR;
				CLANG_WARN_DOCUMENTATION_COMMENTS = YES;
				CLANG_WARN_EMPTY_BODY = YES;
				CLANG_WARN_ENUM_CONVERSION = YES;
				CLANG_WARN_INFINITE_RECURSION = YES;
				CLANG_WARN_INT_CONVERSION = YES;
				CLANG_WARN_NON_LITERAL_NULL_CONVERSION = YES;
				CLANG_WARN_OBJC_IMPLICIT_RETAIN_SELF = YES;
				CLANG_WARN_OBJC_LITERAL_CONVERSION = YES;
				CLANG_WARN_OBJC_ROOT_CLASS = YES_ERROR;
				CLANG_WARN_RANGE_LOOP_ANALYSIS = YES;
				CLANG_WARN_STRICT_PROTOTYPES = YES;
				CLANG_WARN_SUSPICIOUS_MOVE = YES;
				CLANG_WARN_UNGUARDED_AVAILABILITY = YES_AGGRESSIVE;
				CLANG_WARN_UNREACHABLE_CODE = YES;
				CLANG_WARN__DUPLICATE_METHOD_MATCH = YES;
				COPY_PHASE_STRIP = NO;
				DEBUG_INFORMATION_FORMAT = "dwarf-with-dsym";
				ENABLE_NS_ASSERTIONS = NO;
				ENABLE_STRICT_OBJC_MSGSEND = YES;
				GCC_C_LANGUAGE_STANDARD = gnu11;
				GCC_NO_COMMON_BLOCKS = YES;
				GCC_WARN_64_TO_32_BIT_CONVERSION = YES;
				GCC_WARN_ABOUT_RETURN_TYPE = YES_ERROR;
				GCC_WARN_UNDECLARED_SELECTOR = YES;
				GCC_WARN_UNINITIALIZED_AUTOS = YES_AGGRESSIVE;
				GCC_WARN_UNUSED_FUNCTION = YES;
				GCC_WARN_UNUSED_VARIABLE = YES;
				IPHONEOS_DEPLOYMENT_TARGET = 13.2;
				MTL_ENABLE_DEBUG_INFO = NO;
				MTL_FAST_MATH = YES;
				SDKROOT = iphoneos;
				SWIFT_COMPILATION_MODE = wholemodule;
				SWIFT_OPTIMIZATION_LEVEL = "-O";
				VALIDATE_PRODUCT = YES;
			};
			name = Release;
		};
		73B4B84323CDD675007E42AE /* Debug */ = {
			isa = XCBuildConfiguration;
			buildSettings = {
				ASSETCATALOG_COMPILER_APPICON_NAME = AppIcon;
				CODE_SIGN_STYLE = Automatic;
				"FRAMEWORK_SEARCH_PATHS[arch=*]" = "/Users/mehed1hasan/Desktop/Projects/Alamofire/Carthage/Build/iOS ";
				INFOPLIST_FILE = CarthageExample/Info.plist;
				LD_RUNPATH_SEARCH_PATHS = (
					"$(inherited)",
					"@executable_path/Frameworks",
				);
				PRODUCT_BUNDLE_IDENTIFIER = com.mehed1hasan.CarthageExample;
				PRODUCT_NAME = "$(TARGET_NAME)";
				SWIFT_VERSION = 5.0;
				TARGETED_DEVICE_FAMILY = "1,2";
			};
			name = Debug;
		};
		73B4B84423CDD675007E42AE /* Release */ = {
			isa = XCBuildConfiguration;
			buildSettings = {
				ASSETCATALOG_COMPILER_APPICON_NAME = AppIcon;
				CODE_SIGN_STYLE = Automatic;
				"FRAMEWORK_SEARCH_PATHS[arch=*]" = "/Users/mehed1hasan/Desktop/Projects/Alamofire/Carthage/Build/iOS ";
				INFOPLIST_FILE = CarthageExample/Info.plist;
				LD_RUNPATH_SEARCH_PATHS = (
					"$(inherited)",
					"@executable_path/Frameworks",
				);
				PRODUCT_BUNDLE_IDENTIFIER = com.mehed1hasan.CarthageExample;
				PRODUCT_NAME = "$(TARGET_NAME)";
				SWIFT_VERSION = 5.0;
				TARGETED_DEVICE_FAMILY = "1,2";
			};
			name = Release;
		};
/* End XCBuildConfiguration section */

/* Begin XCConfigurationList section */
		73B4B82923CDD673007E42AE /* Build configuration list for PBXProject "CarthageExample" */ = {
			isa = XCConfigurationList;
			buildConfigurations = (
				73B4B84023CDD675007E42AE /* Debug */,
				73B4B84123CDD675007E42AE /* Release */,
			);
			defaultConfigurationIsVisible = 0;
			defaultConfigurationName = Release;
		};
		73B4B84223CDD675007E42AE /* Build configuration list for PBXNativeTarget "CarthageExample" */ = {
			isa = XCConfigurationList;
			buildConfigurations = (
				73B4B84323CDD675007E42AE /* Debug */,
				73B4B84423CDD675007E42AE /* Release */,
			);
			defaultConfigurationIsVisible = 0;
			defaultConfigurationName = Release;
		};
/* End XCConfigurationList section */
	};
	rootObject = 73B4B82623CDD673007E42AE /* Project object */;
}
